// !$*UTF8*$!
{
	archiveVersion = 1;
	classes = {
	};
	objectVersion = 46;
	objects = {

/* Begin PBXBuildFile section */
		B7A3876E1A75C57B00A234B2 /* AppDelegate.swift in Sources */ = {isa = PBXBuildFile; fileRef = B7A3876D1A75C57B00A234B2 /* AppDelegate.swift */; };
		B7A387701A75C57B00A234B2 /* ViewController.swift in Sources */ = {isa = PBXBuildFile; fileRef = B7A3876F1A75C57B00A234B2 /* ViewController.swift */; };
		B7A387731A75C57B00A234B2 /* Main.storyboard in Resources */ = {isa = PBXBuildFile; fileRef = B7A387711A75C57B00A234B2 /* Main.storyboard */; };
		B7A387751A75C57B00A234B2 /* Images.xcassets in Resources */ = {isa = PBXBuildFile; fileRef = B7A387741A75C57B00A234B2 /* Images.xcassets */; };
		B7A387781A75C57B00A234B2 /* LaunchScreen.xib in Resources */ = {isa = PBXBuildFile; fileRef = B7A387761A75C57B00A234B2 /* LaunchScreen.xib */; };
		B7A387841A75C57B00A234B2 /* Foodie_FriendsTests.swift in Sources */ = {isa = PBXBuildFile; fileRef = B7A387831A75C57B00A234B2 /* Foodie_FriendsTests.swift */; };
/* End PBXBuildFile section */

/* Begin PBXContainerItemProxy section */
		B7A3877E1A75C57B00A234B2 /* PBXContainerItemProxy */ = {
			isa = PBXContainerItemProxy;
			containerPortal = B7A387601A75C57A00A234B2 /* Project object */;
			proxyType = 1;
			remoteGlobalIDString = B7A387671A75C57B00A234B2;
			remoteInfo = "Foodie Friends";
		};
/* End PBXContainerItemProxy section */

/* Begin PBXFileReference section */
		B7A387681A75C57B00A234B2 /* Foodie Friends.app */ = {isa = PBXFileReference; explicitFileType = wrapper.application; includeInIndex = 0; path = "Foodie Friends.app"; sourceTree = BUILT_PRODUCTS_DIR; };
		B7A3876C1A75C57B00A234B2 /* Info.plist */ = {isa = PBXFileReference; lastKnownFileType = text.plist.xml; path = Info.plist; sourceTree = "<group>"; };
		B7A3876D1A75C57B00A234B2 /* AppDelegate.swift */ = {isa = PBXFileReference; lastKnownFileType = sourcecode.swift; path = AppDelegate.swift; sourceTree = "<group>"; };
		B7A3876F1A75C57B00A234B2 /* ViewController.swift */ = {isa = PBXFileReference; lastKnownFileType = sourcecode.swift; path = ViewController.swift; sourceTree = "<group>"; };
		B7A387721A75C57B00A234B2 /* Base */ = {isa = PBXFileReference; lastKnownFileType = file.storyboard; name = Base; path = Base.lproj/Main.storyboard; sourceTree = "<group>"; };
		B7A387741A75C57B00A234B2 /* Images.xcassets */ = {isa = PBXFileReference; lastKnownFileType = folder.assetcatalog; path = Images.xcassets; sourceTree = "<group>"; };
		B7A387771A75C57B00A234B2 /* Base */ = {isa = PBXFileReference; lastKnownFileType = file.xib; name = Base; path = Base.lproj/LaunchScreen.xib; sourceTree = "<group>"; };
		B7A3877D1A75C57B00A234B2 /* Foodie FriendsTests.xctest */ = {isa = PBXFileReference; explicitFileType = wrapper.cfbundle; includeInIndex = 0; path = "Foodie FriendsTests.xctest"; sourceTree = BUILT_PRODUCTS_DIR; };
		B7A387821A75C57B00A234B2 /* Info.plist */ = {isa = PBXFileReference; lastKnownFileType = text.plist.xml; path = Info.plist; sourceTree = "<group>"; };
		B7A387831A75C57B00A234B2 /* Foodie_FriendsTests.swift */ = {isa = PBXFileReference; lastKnownFileType = sourcecode.swift; path = Foodie_FriendsTests.swift; sourceTree = "<group>"; };
/* End PBXFileReference section */

/* Begin PBXFrameworksBuildPhase section */
		B7A387651A75C57B00A234B2 /* Frameworks */ = {
			isa = PBXFrameworksBuildPhase;
			buildActionMask = 2147483647;
			files = (
			);
			runOnlyForDeploymentPostprocessing = 0;
		};
		B7A3877A1A75C57B00A234B2 /* Frameworks */ = {
			isa = PBXFrameworksBuildPhase;
			buildActionMask = 2147483647;
			files = (
			);
			runOnlyForDeploymentPostprocessing = 0;
		};
/* End PBXFrameworksBuildPhase section */

/* Begin PBXGroup section */
		B7A3875F1A75C57A00A234B2 = {
			isa = PBXGroup;
			children = (
				B7A3876A1A75C57B00A234B2 /* Foodie Friends */,
				B7A387801A75C57B00A234B2 /* Foodie FriendsTests */,
				B7A387691A75C57B00A234B2 /* Products */,
			);
			sourceTree = "<group>";
		};
		B7A387691A75C57B00A234B2 /* Products */ = {
			isa = PBXGroup;
			children = (
				B7A387681A75C57B00A234B2 /* Foodie Friends.app */,
				B7A3877D1A75C57B00A234B2 /* Foodie FriendsTests.xctest */,
			);
			name = Products;
			sourceTree = "<group>";
		};
		B7A3876A1A75C57B00A234B2 /* Foodie Friends */ = {
			isa = PBXGroup;
			children = (
				B7A3876D1A75C57B00A234B2 /* AppDelegate.swift */,
				B7A3876F1A75C57B00A234B2 /* ViewController.swift */,
				B7A387711A75C57B00A234B2 /* Main.storyboard */,
				B7A387741A75C57B00A234B2 /* Images.xcassets */,
				B7A387761A75C57B00A234B2 /* LaunchScreen.xib */,
				B7A3876B1A75C57B00A234B2 /* Supporting Files */,
			);
			path = "Foodie Friends";
			sourceTree = "<group>";
		};
		B7A3876B1A75C57B00A234B2 /* Supporting Files */ = {
			isa = PBXGroup;
			children = (
				B7A3876C1A75C57B00A234B2 /* Info.plist */,
			);
			name = "Supporting Files";
			sourceTree = "<group>";
		};
		B7A387801A75C57B00A234B2 /* Foodie FriendsTests */ = {
			isa = PBXGroup;
			children = (
				B7A387831A75C57B00A234B2 /* Foodie_FriendsTests.swift */,
				B7A387811A75C57B00A234B2 /* Supporting Files */,
			);
			path = "Foodie FriendsTests";
			sourceTree = "<group>";
		};
		B7A387811A75C57B00A234B2 /* Supporting Files */ = {
			isa = PBXGroup;
			children = (
				B7A387821A75C57B00A234B2 /* Info.plist */,
			);
			name = "Supporting Files";
			sourceTree = "<group>";
		};
/* End PBXGroup section */

/* Begin PBXNativeTarget section */
		B7A387671A75C57B00A234B2 /* Foodie Friends */ = {
			isa = PBXNativeTarget;
			buildConfigurationList = B7A387871A75C57B00A234B2 /* Build configuration list for PBXNativeTarget "Foodie Friends" */;
			buildPhases = (
				B7A387641A75C57B00A234B2 /* Sources */,
				B7A387651A75C57B00A234B2 /* Frameworks */,
				B7A387661A75C57B00A234B2 /* Resources */,
			);
			buildRules = (
			);
			dependencies = (
			);
			name = "Foodie Friends";
			productName = "Foodie Friends";
			productReference = B7A387681A75C57B00A234B2 /* Foodie Friends.app */;
			productType = "com.apple.product-type.application";
		};
		B7A3877C1A75C57B00A234B2 /* Foodie FriendsTests */ = {
			isa = PBXNativeTarget;
			buildConfigurationList = B7A3878A1A75C57B00A234B2 /* Build configuration list for PBXNativeTarget "Foodie FriendsTests" */;
			buildPhases = (
				B7A387791A75C57B00A234B2 /* Sources */,
				B7A3877A1A75C57B00A234B2 /* Frameworks */,
				B7A3877B1A75C57B00A234B2 /* Resources */,
			);
			buildRules = (
			);
			dependencies = (
				B7A3877F1A75C57B00A234B2 /* PBXTargetDependency */,
			);
			name = "Foodie FriendsTests";
			productName = "Foodie FriendsTests";
			productReference = B7A3877D1A75C57B00A234B2 /* Foodie FriendsTests.xctest */;
			productType = "com.apple.product-type.bundle.unit-test";
		};
/* End PBXNativeTarget section */

/* Begin PBXProject section */
		B7A387601A75C57A00A234B2 /* Project object */ = {
			isa = PBXProject;
			attributes = {
				LastUpgradeCheck = 0610;
				ORGANIZATIONNAME = "Wei Chen";
				TargetAttributes = {
					B7A387671A75C57B00A234B2 = {
						CreatedOnToolsVersion = 6.1.1;
					};
					B7A3877C1A75C57B00A234B2 = {
						CreatedOnToolsVersion = 6.1.1;
						TestTargetID = B7A387671A75C57B00A234B2;
					};
				};
			};
			buildConfigurationList = B7A387631A75C57A00A234B2 /* Build configuration list for PBXProject "Foodie Friends" */;
			compatibilityVersion = "Xcode 3.2";
			developmentRegion = English;
			hasScannedForEncodings = 0;
			knownRegions = (
				en,
				Base,
			);
			mainGroup = B7A3875F1A75C57A00A234B2;
			productRefGroup = B7A387691A75C57B00A234B2 /* Products */;
			projectDirPath = "";
			projectRoot = "";
			targets = (
				B7A387671A75C57B00A234B2 /* Foodie Friends */,
				B7A3877C1A75C57B00A234B2 /* Foodie FriendsTests */,
			);
		};
/* End PBXProject section */

/* Begin PBXResourcesBuildPhase section */
		B7A387661A75C57B00A234B2 /* Resources */ = {
			isa = PBXResourcesBuildPhase;
			buildActionMask = 2147483647;
			files = (
				B7A387731A75C57B00A234B2 /* Main.storyboard in Resources */,
				B7A387781A75C57B00A234B2 /* LaunchScreen.xib in Resources */,
				B7A387751A75C57B00A234B2 /* Images.xcassets in Resources */,
			);
			runOnlyForDeploymentPostprocessing = 0;
		};
		B7A3877B1A75C57B00A234B2 /* Resources */ = {
			isa = PBXResourcesBuildPhase;
			buildActionMask = 2147483647;
			files = (
			);
			runOnlyForDeploymentPostprocessing = 0;
		};
/* End PBXResourcesBuildPhase section */

/* Begin PBXSourcesBuildPhase section */
		B7A387641A75C57B00A234B2 /* Sources */ = {
			isa = PBXSourcesBuildPhase;
			buildActionMask = 2147483647;
			files = (
				B7A387701A75C57B00A234B2 /* ViewController.swift in Sources */,
				B7A3876E1A75C57B00A234B2 /* AppDelegate.swift in Sources */,
			);
			runOnlyForDeploymentPostprocessing = 0;
		};
		B7A387791A75C57B00A234B2 /* Sources */ = {
			isa = PBXSourcesBuildPhase;
			buildActionMask = 2147483647;
			files = (
				B7A387841A75C57B00A234B2 /* Foodie_FriendsTests.swift in Sources */,
			);
			runOnlyForDeploymentPostprocessing = 0;
		};
/* End PBXSourcesBuildPhase section */

/* Begin PBXTargetDependency section */
		B7A3877F1A75C57B00A234B2 /* PBXTargetDependency */ = {
			isa = PBXTargetDependency;
			target = B7A387671A75C57B00A234B2 /* Foodie Friends */;
			targetProxy = B7A3877E1A75C57B00A234B2 /* PBXContainerItemProxy */;
		};
/* End PBXTargetDependency section */

/* Begin PBXVariantGroup section */
		B7A387711A75C57B00A234B2 /* Main.storyboard */ = {
			isa = PBXVariantGroup;
			children = (
				B7A387721A75C57B00A234B2 /* Base */,
			);
			name = Main.storyboard;
			sourceTree = "<group>";
		};
		B7A387761A75C57B00A234B2 /* LaunchScreen.xib */ = {
			isa = PBXVariantGroup;
			children = (
				B7A387771A75C57B00A234B2 /* Base */,
			);
			name = LaunchScreen.xib;
			sourceTree = "<group>";
		};
/* End PBXVariantGroup section */

/* Begin XCBuildConfiguration section */
		B7A387851A75C57B00A234B2 /* Debug */ = {
			isa = XCBuildConfiguration;
			buildSettings = {
				ALWAYS_SEARCH_USER_PATHS = NO;
				CLANG_CXX_LANGUAGE_STANDARD = "gnu++0x";
				CLANG_CXX_LIBRARY = "libc++";
				CLANG_ENABLE_MODULES = YES;
				CLANG_ENABLE_OBJC_ARC = YES;
				CLANG_WARN_BOOL_CONVERSION = YES;
				CLANG_WARN_CONSTANT_CONVERSION = YES;
				CLANG_WARN_DIRECT_OBJC_ISA_USAGE = YES_ERROR;
				CLANG_WARN_EMPTY_BODY = YES;
				CLANG_WARN_ENUM_CONVERSION = YES;
				CLANG_WARN_INT_CONVERSION = YES;
				CLANG_WARN_OBJC_ROOT_CLASS = YES_ERROR;
				CLANG_WARN_UNREACHABLE_CODE = YES;
				CLANG_WARN__DUPLICATE_METHOD_MATCH = YES;
				"CODE_SIGN_IDENTITY[sdk=iphoneos*]" = "iPhone Developer";
				COPY_PHASE_STRIP = NO;
				ENABLE_STRICT_OBJC_MSGSEND = YES;
				GCC_C_LANGUAGE_STANDARD = gnu99;
				GCC_DYNAMIC_NO_PIC = NO;
				GCC_OPTIMIZATION_LEVEL = 0;
				GCC_PREPROCESSOR_DEFINITIONS = (
					"DEBUG=1",
					"$(inherited)",
				);
				GCC_SYMBOLS_PRIVATE_EXTERN = NO;
				GCC_WARN_64_TO_32_BIT_CONVERSION = YES;
				GCC_WARN_ABOUT_RETURN_TYPE = YES_ERROR;
				GCC_WARN_UNDECLARED_SELECTOR = YES;
				GCC_WARN_UNINITIALIZED_AUTOS = YES_AGGRESSIVE;
				GCC_WARN_UNUSED_FUNCTION = YES;
				GCC_WARN_UNUSED_VARIABLE = YES;
				IPHONEOS_DEPLOYMENT_TARGET = 8.1;
				MTL_ENABLE_DEBUG_INFO = YES;
				ONLY_ACTIVE_ARCH = YES;
				SDKROOT = iphoneos;
				SWIFT_OPTIMIZATION_LEVEL = "-Onone";
			};
			name = Debug;
		};
		B7A387861A75C57B00A234B2 /* Release */ = {
			isa = XCBuildConfiguration;
			buildSettings = {
				ALWAYS_SEARCH_USER_PATHS = NO;
				CLANG_CXX_LANGUAGE_STANDARD = "gnu++0x";
				CLANG_CXX_LIBRARY = "libc++";
				CLANG_ENABLE_MODULES = YES;
				CLANG_ENABLE_OBJC_ARC = YES;
				CLANG_WARN_BOOL_CONVERSION = YES;
				CLANG_WARN_CONSTANT_CONVERSION = YES;
				CLANG_WARN_DIRECT_OBJC_ISA_USAGE = YES_ERROR;
				CLANG_WARN_EMPTY_BODY = YES;
				CLANG_WARN_ENUM_CONVERSION = YES;
				CLANG_WARN_INT_CONVERSION = YES;
				CLANG_WARN_OBJC_ROOT_CLASS = YES_ERROR;
				CLANG_WARN_UNREACHABLE_CODE = YES;
				CLANG_WARN__DUPLICATE_METHOD_MATCH = YES;
				"CODE_SIGN_IDENTITY[sdk=iphoneos*]" = "iPhone Developer";
				COPY_PHASE_STRIP = YES;
				ENABLE_NS_ASSERTIONS = NO;
				ENABLE_STRICT_OBJC_MSGSEND = YES;
				GCC_C_LANGUAGE_STANDARD = gnu99;
				GCC_WARN_64_TO_32_BIT_CONVERSION = YES;
				GCC_WARN_ABOUT_RETURN_TYPE = YES_ERROR;
				GCC_WARN_UNDECLARED_SELECTOR = YES;
				GCC_WARN_UNINITIALIZED_AUTOS = YES_AGGRESSIVE;
				GCC_WARN_UNUSED_FUNCTION = YES;
				GCC_WARN_UNUSED_VARIABLE = YES;
				IPHONEOS_DEPLOYMENT_TARGET = 8.1;
				MTL_ENABLE_DEBUG_INFO = NO;
				SDKROOT = iphoneos;
				VALIDATE_PRODUCT = YES;
			};
			name = Release;
		};
		B7A387881A75C57B00A234B2 /* Debug */ = {
			isa = XCBuildConfiguration;
			buildSettings = {
				ASSETCATALOG_COMPILER_APPICON_NAME = AppIcon;
				INFOPLIST_FILE = "Foodie Friends/Info.plist";
				LD_RUNPATH_SEARCH_PATHS = "$(inherited) @executable_path/Frameworks";
				PRODUCT_NAME = "$(TARGET_NAME)";
			};
			name = Debug;
		};
		B7A387891A75C57B00A234B2 /* Release */ = {
			isa = XCBuildConfiguration;
			buildSettings = {
				ASSETCATALOG_COMPILER_APPICON_NAME = AppIcon;
				INFOPLIST_FILE = "Foodie Friends/Info.plist";
				LD_RUNPATH_SEARCH_PATHS = "$(inherited) @executable_path/Frameworks";
				PRODUCT_NAME = "$(TARGET_NAME)";
			};
			name = Release;
		};
		B7A3878B1A75C57B00A234B2 /* Debug */ = {
			isa = XCBuildConfiguration;
			buildSettings = {
				BUNDLE_LOADER = "$(TEST_HOST)";
				FRAMEWORK_SEARCH_PATHS = (
					"$(SDKROOT)/Developer/Library/Frameworks",
					"$(inherited)",
				);
				GCC_PREPROCESSOR_DEFINITIONS = (
					"DEBUG=1",
					"$(inherited)",
				);
				INFOPLIST_FILE = "Foodie FriendsTests/Info.plist";
				LD_RUNPATH_SEARCH_PATHS = "$(inherited) @executable_path/Frameworks @loader_path/Frameworks";
				PRODUCT_NAME = "$(TARGET_NAME)";
				TEST_HOST = "$(BUILT_PRODUCTS_DIR)/Foodie Friends.app/Foodie Friends";
			};
			name = Debug;
		};
		B7A3878C1A75C57B00A234B2 /* Release */ = {
			isa = XCBuildConfiguration;
			buildSettings = {
				BUNDLE_LOADER = "$(TEST_HOST)";
				FRAMEWORK_SEARCH_PATHS = (
					"$(SDKROOT)/Developer/Library/Frameworks",
					"$(inherited)",
				);
				INFOPLIST_FILE = "Foodie FriendsTests/Info.plist";
				LD_RUNPATH_SEARCH_PATHS = "$(inherited) @executable_path/Frameworks @loader_path/Frameworks";
				PRODUCT_NAME = "$(TARGET_NAME)";
				TEST_HOST = "$(BUILT_PRODUCTS_DIR)/Foodie Friends.app/Foodie Friends";
			};
			name = Release;
		};
/* End XCBuildConfiguration section */

/* Begin XCConfigurationList section */
		B7A387631A75C57A00A234B2 /* Build configuration list for PBXProject "Foodie Friends" */ = {
			isa = XCConfigurationList;
			buildConfigurations = (
				B7A387851A75C57B00A234B2 /* Debug */,
				B7A387861A75C57B00A234B2 /* Release */,
			);
			defaultConfigurationIsVisible = 0;
			defaultConfigurationName = Release;
		};
		B7A387871A75C57B00A234B2 /* Build configuration list for PBXNativeTarget "Foodie Friends" */ = {
			isa = XCConfigurationList;
			buildConfigurations = (
				B7A387881A75C57B00A234B2 /* Debug */,
				B7A387891A75C57B00A234B2 /* Release */,
			);
			defaultConfigurationIsVisible = 0;
		};
		B7A3878A1A75C57B00A234B2 /* Build configuration list for PBXNativeTarget "Foodie FriendsTests" */ = {
			isa = XCConfigurationList;
			buildConfigurations = (
				B7A3878B1A75C57B00A234B2 /* Debug */,
				B7A3878C1A75C57B00A234B2 /* Release */,
			);
			defaultConfigurationIsVisible = 0;
		};
/* End XCConfigurationList section */
	};
	rootObject = B7A387601A75C57A00A234B2 /* Project object */;
}
